<?xml version="1.0" encoding="utf-8"?>
<Project ToolsVersion="4.0" xmlns="http://schemas.microsoft.com/developer/msbuild/2003">
  <ItemGroup>
    <Filter Include="Source Files">
      <UniqueIdentifier>{4FC737F1-C7A5-4376-A066-2A32D752A2FF}</UniqueIdentifier>
      <Extensions>cpp;c;cc;cxx;def;odl;idl;hpj;bat;asm;asmx</Extensions>
    </Filter>
    <Filter Include="Header Files">
      <UniqueIdentifier>{93995380-89BD-4b04-88EB-625FBE52EBFB}</UniqueIdentifier>
      <Extensions>h;hh;hpp;hxx;hm;inl;inc;xsd</Extensions>
    </Filter>
    <Filter Include="Resource Files">
      <UniqueIdentifier>{67DA6AB6-F800-4c08-8B7A-83BB121AAD01}</UniqueIdentifier>
      <Extensions>rc;ico;cur;bmp;dlg;rc2;rct;bin;rgs;gif;jpg;jpeg;jpe;resx;tiff;tif;png;wav;mfcribbon-ms</Extensions>
    </Filter>
    <Filter Include="Source Files\zlib">
      <UniqueIdentifier>{bdc0cbb4-3968-4583-9fc3-79d104e4f65f}</UniqueIdentifier>
    </Filter>
    <Filter Include="Source Files\ArcFile">
      <UniqueIdentifier>{9c434fbb-12e4-4e43-b30e-038e92cd1d1b}</UniqueIdentifier>
    </Filter>
  </ItemGroup>
  <ItemGroup>
    <ClInclude Include="stdafx.h">
      <Filter>Header Files</Filter>
    </ClInclude>
    <ClInclude Include="targetver.h">
      <Filter>Header Files</Filter>
    </ClInclude>
    <ClInclude Include="extern\zlib\crc32.h">
      <Filter>Source Files\zlib</Filter>
    </ClInclude>
    <ClInclude Include="extern\zlib\deflate.h">
      <Filter>Source Files\zlib</Filter>
    </ClInclude>
    <ClInclude Include="extern\zlib\inffast.h">
      <Filter>Source Files\zlib</Filter>
    </ClInclude>
    <ClInclude Include="extern\zlib\inffixed.h">
      <Filter>Source Files\zlib</Filter>
    </ClInclude>
    <ClInclude Include="extern\zlib\inflate.h">
      <Filter>Source Files\zlib</Filter>
    </ClInclude>
    <ClInclude Include="extern\zlib\inftrees.h">
      <Filter>Source Files\zlib</Filter>
    </ClInclude>
    <ClInclude Include="extern\zlib\trees.h">
      <Filter>Source Files\zlib</Filter>
    </ClInclude>
    <ClInclude Include="extern\zlib\zconf.h">
      <Filter>Source Files\zlib</Filter>
    </ClInclude>
    <ClInclude Include="extern\zlib\zlib.h">
      <Filter>Source Files\zlib</Filter>
    </ClInclude>
    <ClInclude Include="extern\unzip\crypt.h">
      <Filter>Source Files\ArcFile</Filter>
    </ClInclude>
    <ClInclude Include="extern\unzip\ioapi.h">
      <Filter>Source Files\ArcFile</Filter>
    </ClInclude>
    <ClInclude Include="extern\unzip\unzip.h">
      <Filter>Source Files\ArcFile</Filter>
    </ClInclude>
    <ClInclude Include="dbglog.h">
      <Filter>Header Files</Filter>
    </ClInclude>
    <ClInclude Include="PathFilenamer.h">
      <Filter>Header Files</Filter>
    </ClInclude>
    <ClInclude Include="readconf.h">
      <Filter>Header Files</Filter>
    </ClInclude>
    <ClInclude Include="SerialJobQ.h">
      <Filter>Source Files</Filter>
    </ClInclude>
    <ClInclude Include="TitleVolume.h">
      <Filter>Source Files</Filter>
    </ClInclude>
  </ItemGroup>
  <ItemGroup>
    <ClCompile Include="stdafx.cpp">
      <Filter>Source Files</Filter>
    </ClCompile>
    <ClCompile Include="PicServer.cpp">
      <Filter>Source Files</Filter>
    </ClCompile>
    <ClCompile Include="extern\zlib\adler32.c">
      <Filter>Source Files\zlib</Filter>
    </ClCompile>
    <ClCompile Include="extern\zlib\compress.c">
      <Filter>Source Files\zlib</Filter>
    </ClCompile>
    <ClCompile Include="extern\zlib\crc32.c">
      <Filter>Source Files\zlib</Filter>
    </ClCompile>
    <ClCompile Include="extern\zlib\deflate.c">
      <Filter>Source Files\zlib</Filter>
    </ClCompile>
    <ClCompile Include="extern\zlib\infback.c">
      <Filter>Source Files\zlib</Filter>
    </ClCompile>
    <ClCompile Include="extern\zlib\inffast.c">
      <Filter>Source Files\zlib</Filter>
    </ClCompile>
    <ClCompile Include="extern\zlib\inflate.c">
      <Filter>Source Files\zlib</Filter>
    </ClCompile>
    <ClCompile Include="extern\zlib\inftrees.c">
      <Filter>Source Files\zlib</Filter>
    </ClCompile>
    <ClCompile Include="extern\zlib\trees.c">
      <Filter>Source Files\zlib</Filter>
    </ClCompile>
    <ClCompile Include="extern\zlib\uncompr.c">
      <Filter>Source Files\zlib</Filter>
    </ClCompile>
    <ClCompile Include="ZipFile.cpp">
      <Filter>Source Files\ArcFile</Filter>
    </ClCompile>
    <ClCompile Include="extern\unzip\ioapi.c">
      <Filter>Source Files\ArcFile</Filter>
    </ClCompile>
    <ClCompile Include="extern\unzip\unzip.c">
      <Filter>Source Files\ArcFile</Filter>
    </ClCompile>
    <ClCompile Include="extern\zlib\zutil.c">
      <Filter>Source Files\zlib</Filter>
    </ClCompile>
    <ClCompile Include="readconf.cpp">
      <Filter>Source Files</Filter>
    </ClCompile>
    <ClCompile Include="dbglog.cpp">
      <Filter>Source Files</Filter>
    </ClCompile>
    <ClCompile Include="PicFile.cpp">
      <Filter>Source Files</Filter>
    </ClCompile>
    <ClCompile Include="TitleVolume.cpp">
      <Filter>Source Files</Filter>
    </ClCompile>
    <ClCompile Include="SerialJobQ.cpp">
      <Filter>Source Files</Filter>
    </ClCompile>
    <ClCompile Include="UploadArc.cpp">
      <Filter>Source Files</Filter>
    </ClCompile>
  </ItemGroup>
  <ItemGroup>
    <None Include="packages.config" />
  </ItemGroup>
</Project>